{
  "requires": true,
  "lockfileVersion": 1,
  "dependencies": {
    "hoek": {
      "version": "5.0.4",
      "resolved": "https://registry.npmjs.org/hoek/-/hoek-5.0.4.tgz",
      "integrity": "sha512-Alr4ZQgoMlnere5FZJsIyfIjORBqZll5POhDsF4q64dPuJR6rNxXdDxtHSQq8OXRurhmx+PWYEE8bXRROY8h0w=="
    },
    "minimist": {
      "version": "1.2.0",
      "resolved": "https://registry.npmjs.org/minimist/-/minimist-1.2.0.tgz",
      "integrity": "sha1-o1AIsg9BOD7sH7kU9M1d95omQoQ="
    },
    "xrm-webapi-client": {
      "version": "3.6.11",
      "resolved": "https://registry.npmjs.org/xrm-webapi-client/-/xrm-webapi-client-3.6.11.tgz",
      "integrity": "sha512-/H6duNnPyvmDf9QZ6v5l5gDAG2fFexl++ze/Ef14KVleyAA1/tiVzgFsNyp+jYtTce3l7yyWFeMI5HFnrmO9Dg==",
      "requires": {
        "hoek": "^5.0.3",
        "minimist": "^1.2.0"
      }
    }
  }
}
